// !$*UTF8*$!
{
	archiveVersion = 1;
	classes = {
	};
	objectVersion = 56;
	objects = {

/* Begin PBXBuildFile section */
		ABB563E52AF0470300CC6BEA /* swiftui_denemeApp.swift in Sources */ = {isa = PBXBuildFile; fileRef = ABB563E42AF0470300CC6BEA /* swiftui_denemeApp.swift */; };
		ABB563E72AF0470300CC6BEA /* ContentView.swift in Sources */ = {isa = PBXBuildFile; fileRef = ABB563E62AF0470300CC6BEA /* ContentView.swift */; };
		ABB563E92AF0470500CC6BEA /* Assets.xcassets in Resources */ = {isa = PBXBuildFile; fileRef = ABB563E82AF0470500CC6BEA /* Assets.xcassets */; };
		ABB563EC2AF0470500CC6BEA /* Preview Assets.xcassets in Resources */ = {isa = PBXBuildFile; fileRef = ABB563EB2AF0470500CC6BEA /* Preview Assets.xcassets */; };
		ABB563F62AF0470600CC6BEA /* swiftui_denemeTests.swift in Sources */ = {isa = PBXBuildFile; fileRef = ABB563F52AF0470600CC6BEA /* swiftui_denemeTests.swift */; };
		ABB564002AF0470600CC6BEA /* swiftui_denemeUITests.swift in Sources */ = {isa = PBXBuildFile; fileRef = ABB563FF2AF0470600CC6BEA /* swiftui_denemeUITests.swift */; };
		ABB564022AF0470600CC6BEA /* swiftui_denemeUITestsLaunchTests.swift in Sources */ = {isa = PBXBuildFile; fileRef = ABB564012AF0470600CC6BEA /* swiftui_denemeUITestsLaunchTests.swift */; };
/* End PBXBuildFile section */

/* Begin PBXContainerItemProxy section */
		ABB563F22AF0470600CC6BEA /* PBXContainerItemProxy */ = {
			isa = PBXContainerItemProxy;
			containerPortal = ABB563D92AF0470300CC6BEA /* Project object */;
			proxyType = 1;
			remoteGlobalIDString = ABB563E02AF0470300CC6BEA;
			remoteInfo = swiftui_deneme;
		};
		ABB563FC2AF0470600CC6BEA /* PBXContainerItemProxy */ = {
			isa = PBXContainerItemProxy;
			containerPortal = ABB563D92AF0470300CC6BEA /* Project object */;
			proxyType = 1;
			remoteGlobalIDString = ABB563E02AF0470300CC6BEA;
			remoteInfo = swiftui_deneme;
		};
/* End PBXContainerItemProxy section */

/* Begin PBXFileReference section */
		ABB563E12AF0470300CC6BEA /* swiftui_deneme.app */ = {isa = PBXFileReference; explicitFileType = wrapper.application; includeInIndex = 0; path = swiftui_deneme.app; sourceTree = BUILT_PRODUCTS_DIR; };
		ABB563E42AF0470300CC6BEA /* swiftui_denemeApp.swift */ = {isa = PBXFileReference; lastKnownFileType = sourcecode.swift; path = swiftui_denemeApp.swift; sourceTree = "<group>"; };
		ABB563E62AF0470300CC6BEA /* ContentView.swift */ = {isa = PBXFileReference; lastKnownFileType = sourcecode.swift; path = ContentView.swift; sourceTree = "<group>"; };
		ABB563E82AF0470500CC6BEA /* Assets.xcassets */ = {isa = PBXFileReference; lastKnownFileType = folder.assetcatalog; path = Assets.xcassets; sourceTree = "<group>"; };
		ABB563EB2AF0470500CC6BEA /* Preview Assets.xcassets */ = {isa = PBXFileReference; lastKnownFileType = folder.assetcatalog; path = "Preview Assets.xcassets"; sourceTree = "<group>"; };
		ABB563F12AF0470600CC6BEA /* swiftui_denemeTests.xctest */ = {isa = PBXFileReference; explicitFileType = wrapper.cfbundle; includeInIndex = 0; path = swiftui_denemeTests.xctest; sourceTree = BUILT_PRODUCTS_DIR; };
		ABB563F52AF0470600CC6BEA /* swiftui_denemeTests.swift */ = {isa = PBXFileReference; lastKnownFileType = sourcecode.swift; path = swiftui_denemeTests.swift; sourceTree = "<group>"; };
		ABB563FB2AF0470600CC6BEA /* swiftui_denemeUITests.xctest */ = {isa = PBXFileReference; explicitFileType = wrapper.cfbundle; includeInIndex = 0; path = swiftui_denemeUITests.xctest; sourceTree = BUILT_PRODUCTS_DIR; };
		ABB563FF2AF0470600CC6BEA /* swiftui_denemeUITests.swift */ = {isa = PBXFileReference; lastKnownFileType = sourcecode.swift; path = swiftui_denemeUITests.swift; sourceTree = "<group>"; };
		ABB564012AF0470600CC6BEA /* swiftui_denemeUITestsLaunchTests.swift */ = {isa = PBXFileReference; lastKnownFileType = sourcecode.swift; path = swiftui_denemeUITestsLaunchTests.swift; sourceTree = "<group>"; };
/* End PBXFileReference section */

/* Begin PBXFrameworksBuildPhase section */
		ABB563DE2AF0470300CC6BEA /* Frameworks */ = {
			isa = PBXFrameworksBuildPhase;
			buildActionMask = 2147483647;
			files = (
			);
			runOnlyForDeploymentPostprocessing = 0;
		};
		ABB563EE2AF0470600CC6BEA /* Frameworks */ = {
			isa = PBXFrameworksBuildPhase;
			buildActionMask = 2147483647;
			files = (
			);
			runOnlyForDeploymentPostprocessing = 0;
		};
		ABB563F82AF0470600CC6BEA /* Frameworks */ = {
			isa = PBXFrameworksBuildPhase;
			buildActionMask = 2147483647;
			files = (
			);
			runOnlyForDeploymentPostprocessing = 0;
		};
/* End PBXFrameworksBuildPhase section */

/* Begin PBXGroup section */
		ABB563D82AF0470300CC6BEA = {
			isa = PBXGroup;
			children = (
				ABB563E32AF0470300CC6BEA /* swiftui_deneme */,
				ABB563F42AF0470600CC6BEA /* swiftui_denemeTests */,
				ABB563FE2AF0470600CC6BEA /* swiftui_denemeUITests */,
				ABB563E22AF0470300CC6BEA /* Products */,
			);
			sourceTree = "<group>";
		};
		ABB563E22AF0470300CC6BEA /* Products */ = {
			isa = PBXGroup;
			children = (
				ABB563E12AF0470300CC6BEA /* swiftui_deneme.app */,
				ABB563F12AF0470600CC6BEA /* swiftui_denemeTests.xctest */,
				ABB563FB2AF0470600CC6BEA /* swiftui_denemeUITests.xctest */,
			);
			name = Products;
			sourceTree = "<group>";
		};
		ABB563E32AF0470300CC6BEA /* swiftui_deneme */ = {
			isa = PBXGroup;
			children = (
				ABB563E42AF0470300CC6BEA /* swiftui_denemeApp.swift */,
				ABB563E62AF0470300CC6BEA /* ContentView.swift */,
				ABB563E82AF0470500CC6BEA /* Assets.xcassets */,
				ABB563EA2AF0470500CC6BEA /* Preview Content */,
			);
			path = swiftui_deneme;
			sourceTree = "<group>";
		};
		ABB563EA2AF0470500CC6BEA /* Preview Content */ = {
			isa = PBXGroup;
			children = (
				ABB563EB2AF0470500CC6BEA /* Preview Assets.xcassets */,
			);
			path = "Preview Content";
			sourceTree = "<group>";
		};
		ABB563F42AF0470600CC6BEA /* swiftui_denemeTests */ = {
			isa = PBXGroup;
			children = (
				ABB563F52AF0470600CC6BEA /* swiftui_denemeTests.swift */,
			);
			path = swiftui_denemeTests;
			sourceTree = "<group>";
		};
		ABB563FE2AF0470600CC6BEA /* swiftui_denemeUITests */ = {
			isa = PBXGroup;
			children = (
				ABB563FF2AF0470600CC6BEA /* swiftui_denemeUITests.swift */,
				ABB564012AF0470600CC6BEA /* swiftui_denemeUITestsLaunchTests.swift */,
			);
			path = swiftui_denemeUITests;
			sourceTree = "<group>";
		};
/* End PBXGroup section */

/* Begin PBXNativeTarget section */
		ABB563E02AF0470300CC6BEA /* swiftui_deneme */ = {
			isa = PBXNativeTarget;
			buildConfigurationList = ABB564052AF0470600CC6BEA /* Build configuration list for PBXNativeTarget "swiftui_deneme" */;
			buildPhases = (
				ABB563DD2AF0470300CC6BEA /* Sources */,
				ABB563DE2AF0470300CC6BEA /* Frameworks */,
				ABB563DF2AF0470300CC6BEA /* Resources */,
			);
			buildRules = (
			);
			dependencies = (
			);
			name = swiftui_deneme;
			productName = swiftui_deneme;
			productReference = ABB563E12AF0470300CC6BEA /* swiftui_deneme.app */;
			productType = "com.apple.product-type.application";
		};
		ABB563F02AF0470600CC6BEA /* swiftui_denemeTests */ = {
			isa = PBXNativeTarget;
			buildConfigurationList = ABB564082AF0470600CC6BEA /* Build configuration list for PBXNativeTarget "swiftui_denemeTests" */;
			buildPhases = (
				ABB563ED2AF0470600CC6BEA /* Sources */,
				ABB563EE2AF0470600CC6BEA /* Frameworks */,
				ABB563EF2AF0470600CC6BEA /* Resources */,
			);
			buildRules = (
			);
			dependencies = (
				ABB563F32AF0470600CC6BEA /* PBXTargetDependency */,
			);
			name = swiftui_denemeTests;
			productName = swiftui_denemeTests;
			productReference = ABB563F12AF0470600CC6BEA /* swiftui_denemeTests.xctest */;
			productType = "com.apple.product-type.bundle.unit-test";
		};
		ABB563FA2AF0470600CC6BEA /* swiftui_denemeUITests */ = {
			isa = PBXNativeTarget;
			buildConfigurationList = ABB5640B2AF0470600CC6BEA /* Build configuration list for PBXNativeTarget "swiftui_denemeUITests" */;
			buildPhases = (
				ABB563F72AF0470600CC6BEA /* Sources */,
				ABB563F82AF0470600CC6BEA /* Frameworks */,
				ABB563F92AF0470600CC6BEA /* Resources */,
			);
			buildRules = (
			);
			dependencies = (
				ABB563FD2AF0470600CC6BEA /* PBXTargetDependency */,
			);
			name = swiftui_denemeUITests;
			productName = swiftui_denemeUITests;
			productReference = ABB563FB2AF0470600CC6BEA /* swiftui_denemeUITests.xctest */;
			productType = "com.apple.product-type.bundle.ui-testing";
		};
/* End PBXNativeTarget section */

/* Begin PBXProject section */
		ABB563D92AF0470300CC6BEA /* Project object */ = {
			isa = PBXProject;
			attributes = {
				BuildIndependentTargetsInParallel = 1;
				LastSwiftUpdateCheck = 1500;
				LastUpgradeCheck = 1500;
				TargetAttributes = {
					ABB563E02AF0470300CC6BEA = {
						CreatedOnToolsVersion = 15.0.1;
					};
					ABB563F02AF0470600CC6BEA = {
						CreatedOnToolsVersion = 15.0.1;
						TestTargetID = ABB563E02AF0470300CC6BEA;
					};
					ABB563FA2AF0470600CC6BEA = {
						CreatedOnToolsVersion = 15.0.1;
						TestTargetID = ABB563E02AF0470300CC6BEA;
					};
				};
			};
			buildConfigurationList = ABB563DC2AF0470300CC6BEA /* Build configuration list for PBXProject "swiftui_deneme" */;
			compatibilityVersion = "Xcode 14.0";
			developmentRegion = en;
			hasScannedForEncodings = 0;
			knownRegions = (
				en,
				Base,
			);
			mainGroup = ABB563D82AF0470300CC6BEA;
			productRefGroup = ABB563E22AF0470300CC6BEA /* Products */;
			projectDirPath = "";
			projectRoot = "";
			targets = (
				ABB563E02AF0470300CC6BEA /* swiftui_deneme */,
				ABB563F02AF0470600CC6BEA /* swiftui_denemeTests */,
				ABB563FA2AF0470600CC6BEA /* swiftui_denemeUITests */,
			);
		};
/* End PBXProject section */

/* Begin PBXResourcesBuildPhase section */
		ABB563DF2AF0470300CC6BEA /* Resources */ = {
			isa = PBXResourcesBuildPhase;
			buildActionMask = 2147483647;
			files = (
				ABB563EC2AF0470500CC6BEA /* Preview Assets.xcassets in Resources */,
				ABB563E92AF0470500CC6BEA /* Assets.xcassets in Resources */,
			);
			runOnlyForDeploymentPostprocessing = 0;
		};
		ABB563EF2AF0470600CC6BEA /* Resources */ = {
			isa = PBXResourcesBuildPhase;
			buildActionMask = 2147483647;
			files = (
			);
			runOnlyForDeploymentPostprocessing = 0;
		};
		ABB563F92AF0470600CC6BEA /* Resources */ = {
			isa = PBXResourcesBuildPhase;
			buildActionMask = 2147483647;
			files = (
			);
			runOnlyForDeploymentPostprocessing = 0;
		};
/* End PBXResourcesBuildPhase section */

/* Begin PBXSourcesBuildPhase section */
		ABB563DD2AF0470300CC6BEA /* Sources */ = {
			isa = PBXSourcesBuildPhase;
			buildActionMask = 2147483647;
			files = (
				ABB563E72AF0470300CC6BEA /* ContentView.swift in Sources */,
				ABB563E52AF0470300CC6BEA /* swiftui_denemeApp.swift in Sources */,
			);
			runOnlyForDeploymentPostprocessing = 0;
		};
		ABB563ED2AF0470600CC6BEA /* Sources */ = {
			isa = PBXSourcesBuildPhase;
			buildActionMask = 2147483647;
			files = (
				ABB563F62AF0470600CC6BEA /* swiftui_denemeTests.swift in Sources */,
			);
			runOnlyForDeploymentPostprocessing = 0;
		};
		ABB563F72AF0470600CC6BEA /* Sources */ = {
			isa = PBXSourcesBuildPhase;
			buildActionMask = 2147483647;
			files = (
				ABB564022AF0470600CC6BEA /* swiftui_denemeUITestsLaunchTests.swift in Sources */,
				ABB564002AF0470600CC6BEA /* swiftui_denemeUITests.swift in Sources */,
			);
			runOnlyForDeploymentPostprocessing = 0;
		};
/* End PBXSourcesBuildPhase section */

/* Begin PBXTargetDependency section */
		ABB563F32AF0470600CC6BEA /* PBXTargetDependency */ = {
			isa = PBXTargetDependency;
			target = ABB563E02AF0470300CC6BEA /* swiftui_deneme */;
			targetProxy = ABB563F22AF0470600CC6BEA /* PBXContainerItemProxy */;
		};
		ABB563FD2AF0470600CC6BEA /* PBXTargetDependency */ = {
			isa = PBXTargetDependency;
			target = ABB563E02AF0470300CC6BEA /* swiftui_deneme */;
			targetProxy = ABB563FC2AF0470600CC6BEA /* PBXContainerItemProxy */;
		};
/* End PBXTargetDependency section */

/* Begin XCBuildConfiguration section */
		ABB564032AF0470600CC6BEA /* Debug */ = {
			isa = XCBuildConfiguration;
			buildSettings = {
				ALWAYS_SEARCH_USER_PATHS = NO;
				ASSETCATALOG_COMPILER_GENERATE_SWIFT_ASSET_SYMBOL_EXTENSIONS = YES;
				CLANG_ANALYZER_NONNULL = YES;
				CLANG_ANALYZER_NUMBER_OBJECT_CONVERSION = YES_AGGRESSIVE;
				CLANG_CXX_LANGUAGE_STANDARD = "gnu++20";
				CLANG_ENABLE_MODULES = YES;
				CLANG_ENABLE_OBJC_ARC = YES;
				CLANG_ENABLE_OBJC_WEAK = YES;
				CLANG_WARN_BLOCK_CAPTURE_AUTORELEASING = YES;
				CLANG_WARN_BOOL_CONVERSION = YES;
				CLANG_WARN_COMMA = YES;
				CLANG_WARN_CONSTANT_CONVERSION = YES;
				CLANG_WARN_DEPRECATED_OBJC_IMPLEMENTATIONS = YES;
				CLANG_WARN_DIRECT_OBJC_ISA_USAGE = YES_ERROR;
				CLANG_WARN_DOCUMENTATION_COMMENTS = YES;
				CLANG_WARN_EMPTY_BODY = YES;
				CLANG_WARN_ENUM_CONVERSION = YES;
				CLANG_WARN_INFINITE_RECURSION = YES;
				CLANG_WARN_INT_CONVERSION = YES;
				CLANG_WARN_NON_LITERAL_NULL_CONVERSION = YES;
				CLANG_WARN_OBJC_IMPLICIT_RETAIN_SELF = YES;
				CLANG_WARN_OBJC_LITERAL_CONVERSION = YES;
				CLANG_WARN_OBJC_ROOT_CLASS = YES_ERROR;
				CLANG_WARN_QUOTED_INCLUDE_IN_FRAMEWORK_HEADER = YES;
				CLANG_WARN_RANGE_LOOP_ANALYSIS = YES;
				CLANG_WARN_STRICT_PROTOTYPES = YES;
				CLANG_WARN_SUSPICIOUS_MOVE = YES;
				CLANG_WARN_UNGUARDED_AVAILABILITY = YES_AGGRESSIVE;
				CLANG_WARN_UNREACHABLE_CODE = YES;
				CLANG_WARN__DUPLICATE_METHOD_MATCH = YES;
				COPY_PHASE_STRIP = NO;
				DEBUG_INFORMATION_FORMAT = dwarf;
				ENABLE_STRICT_OBJC_MSGSEND = YES;
				ENABLE_TESTABILITY = YES;
				ENABLE_USER_SCRIPT_SANDBOXING = YES;
				GCC_C_LANGUAGE_STANDARD = gnu17;
				GCC_DYNAMIC_NO_PIC = NO;
				GCC_NO_COMMON_BLOCKS = YES;
				GCC_OPTIMIZATION_LEVEL = 0;
				GCC_PREPROCESSOR_DEFINITIONS = (
					"DEBUG=1",
					"$(inherited)",
				);
				GCC_WARN_64_TO_32_BIT_CONVERSION = YES;
				GCC_WARN_ABOUT_RETURN_TYPE = YES_ERROR;
				GCC_WARN_UNDECLARED_SELECTOR = YES;
				GCC_WARN_UNINITIALIZED_AUTOS = YES_AGGRESSIVE;
				GCC_WARN_UNUSED_FUNCTION = YES;
				GCC_WARN_UNUSED_VARIABLE = YES;
				IPHONEOS_DEPLOYMENT_TARGET = 17.0;
				LOCALIZATION_PREFERS_STRING_CATALOGS = YES;
				MTL_ENABLE_DEBUG_INFO = INCLUDE_SOURCE;
				MTL_FAST_MATH = YES;
				ONLY_ACTIVE_ARCH = YES;
				SDKROOT = iphoneos;
				SWIFT_ACTIVE_COMPILATION_CONDITIONS = "DEBUG $(inherited)";
				SWIFT_OPTIMIZATION_LEVEL = "-Onone";
			};
			name = Debug;
		};
		ABB564042AF0470600CC6BEA /* Release */ = {
			isa = XCBuildConfiguration;
			buildSettings = {
				ALWAYS_SEARCH_USER_PATHS = NO;
				ASSETCATALOG_COMPILER_GENERATE_SWIFT_ASSET_SYMBOL_EXTENSIONS = YES;
				CLANG_ANALYZER_NONNULL = YES;
				CLANG_ANALYZER_NUMBER_OBJECT_CONVERSION = YES_AGGRESSIVE;
				CLANG_CXX_LANGUAGE_STANDARD = "gnu++20";
				CLANG_ENABLE_MODULES = YES;
				CLANG_ENABLE_OBJC_ARC = YES;
				CLANG_ENABLE_OBJC_WEAK = YES;
				CLANG_WARN_BLOCK_CAPTURE_AUTORELEASING = YES;
				CLANG_WARN_BOOL_CONVERSION = YES;
				CLANG_WARN_COMMA = YES;
				CLANG_WARN_CONSTANT_CONVERSION = YES;
				CLANG_WARN_DEPRECATED_OBJC_IMPLEMENTATIONS = YES;
				CLANG_WARN_DIRECT_OBJC_ISA_USAGE = YES_ERROR;
				CLANG_WARN_DOCUMENTATION_COMMENTS = YES;
				CLANG_WARN_EMPTY_BODY = YES;
				CLANG_WARN_ENUM_CONVERSION = YES;
				CLANG_WARN_INFINITE_RECURSION = YES;
				CLANG_WARN_INT_CONVERSION = YES;
				CLANG_WARN_NON_LITERAL_NULL_CONVERSION = YES;
				CLANG_WARN_OBJC_IMPLICIT_RETAIN_SELF = YES;
				CLANG_WARN_OBJC_LITERAL_CONVERSION = YES;
				CLANG_WARN_OBJC_ROOT_CLASS = YES_ERROR;
				CLANG_WARN_QUOTED_INCLUDE_IN_FRAMEWORK_HEADER = YES;
				CLANG_WARN_RANGE_LOOP_ANALYSIS = YES;
				CLANG_WARN_STRICT_PROTOTYPES = YES;
				CLANG_WARN_SUSPICIOUS_MOVE = YES;
				CLANG_WARN_UNGUARDED_AVAILABILITY = YES_AGGRESSIVE;
				CLANG_WARN_UNREACHABLE_CODE = YES;
				CLANG_WARN__DUPLICATE_METHOD_MATCH = YES;
				COPY_PHASE_STRIP = NO;
				DEBUG_INFORMATION_FORMAT = "dwarf-with-dsym";
				ENABLE_NS_ASSERTIONS = NO;
				ENABLE_STRICT_OBJC_MSGSEND = YES;
				ENABLE_USER_SCRIPT_SANDBOXING = YES;
				GCC_C_LANGUAGE_STANDARD = gnu17;
				GCC_NO_COMMON_BLOCKS = YES;
				GCC_WARN_64_TO_32_BIT_CONVERSION = YES;
				GCC_WARN_ABOUT_RETURN_TYPE = YES_ERROR;
				GCC_WARN_UNDECLARED_SELECTOR = YES;
				GCC_WARN_UNINITIALIZED_AUTOS = YES_AGGRESSIVE;
				GCC_WARN_UNUSED_FUNCTION = YES;
				GCC_WARN_UNUSED_VARIABLE = YES;
				IPHONEOS_DEPLOYMENT_TARGET = 17.0;
				LOCALIZATION_PREFERS_STRING_CATALOGS = YES;
				MTL_ENABLE_DEBUG_INFO = NO;
				MTL_FAST_MATH = YES;
				SDKROOT = iphoneos;
				SWIFT_COMPILATION_MODE = wholemodule;
				VALIDATE_PRODUCT = YES;
			};
			name = Release;
		};
		ABB564062AF0470600CC6BEA /* Debug */ = {
			isa = XCBuildConfiguration;
			buildSettings = {
				ASSETCATALOG_COMPILER_APPICON_NAME = AppIcon;
				ASSETCATALOG_COMPILER_GLOBAL_ACCENT_COLOR_NAME = AccentColor;
				CODE_SIGN_STYLE = Automatic;
				CURRENT_PROJECT_VERSION = 1;
				DEVELOPMENT_ASSET_PATHS = "\"swiftui_deneme/Preview Content\"";
				DEVELOPMENT_TEAM = 2B3N743347;
				ENABLE_PREVIEWS = YES;
				GENERATE_INFOPLIST_FILE = YES;
				INFOPLIST_KEY_UIApplicationSceneManifest_Generation = YES;
				INFOPLIST_KEY_UIApplicationSupportsIndirectInputEvents = YES;
				INFOPLIST_KEY_UILaunchScreen_Generation = YES;
				INFOPLIST_KEY_UISupportedInterfaceOrientations_iPad = "UIInterfaceOrientationPortrait UIInterfaceOrientationPortraitUpsideDown UIInterfaceOrientationLandscapeLeft UIInterfaceOrientationLandscapeRight";
				INFOPLIST_KEY_UISupportedInterfaceOrientations_iPhone = "UIInterfaceOrientationPortrait UIInterfaceOrientationLandscapeLeft UIInterfaceOrientationLandscapeRight";
				LD_RUNPATH_SEARCH_PATHS = (
					"$(inherited)",
					"@executable_path/Frameworks",
				);
				MARKETING_VERSION = 1.0;
				PRODUCT_BUNDLE_IDENTIFIER = "su.swiftui-deneme";
				PRODUCT_NAME = "$(TARGET_NAME)";
				SWIFT_EMIT_LOC_STRINGS = YES;
				SWIFT_VERSION = 5.0;
				TARGETED_DEVICE_FAMILY = "1,2";
			};
			name = Debug;
		};
		ABB564072AF0470600CC6BEA /* Release */ = {
			isa = XCBuildConfiguration;
			buildSettings = {
				ASSETCATALOG_COMPILER_APPICON_NAME = AppIcon;
				ASSETCATALOG_COMPILER_GLOBAL_ACCENT_COLOR_NAME = AccentColor;
				CODE_SIGN_STYLE = Automatic;
				CURRENT_PROJECT_VERSION = 1;
				DEVELOPMENT_ASSET_PATHS = "\"swiftui_deneme/Preview Content\"";
				DEVELOPMENT_TEAM = 2B3N743347;
				ENABLE_PREVIEWS = YES;
				GENERATE_INFOPLIST_FILE = YES;
				INFOPLIST_KEY_UIApplicationSceneManifest_Generation = YES;
				INFOPLIST_KEY_UIApplicationSupportsIndirectInputEvents = YES;
				INFOPLIST_KEY_UILaunchScreen_Generation = YES;
				INFOPLIST_KEY_UISupportedInterfaceOrientations_iPad = "UIInterfaceOrientationPortrait UIInterfaceOrientationPortraitUpsideDown UIInterfaceOrientationLandscapeLeft UIInterfaceOrientationLandscapeRight";
				INFOPLIST_KEY_UISupportedInterfaceOrientations_iPhone = "UIInterfaceOrientationPortrait UIInterfaceOrientationLandscapeLeft UIInterfaceOrientationLandscapeRight";
				LD_RUNPATH_SEARCH_PATHS = (
					"$(inherited)",
					"@executable_path/Frameworks",
				);
				MARKETING_VERSION = 1.0;
				PRODUCT_BUNDLE_IDENTIFIER = "su.swiftui-deneme";
				PRODUCT_NAME = "$(TARGET_NAME)";
				SWIFT_EMIT_LOC_STRINGS = YES;
				SWIFT_VERSION = 5.0;
				TARGETED_DEVICE_FAMILY = "1,2";
			};
			name = Release;
		};
		ABB564092AF0470600CC6BEA /* Debug */ = {
			isa = XCBuildConfiguration;
			buildSettings = {
				ALWAYS_EMBED_SWIFT_STANDARD_LIBRARIES = YES;
				BUNDLE_LOADER = "$(TEST_HOST)";
				CODE_SIGN_STYLE = Automatic;
				CURRENT_PROJECT_VERSION = 1;
				GENERATE_INFOPLIST_FILE = YES;
				IPHONEOS_DEPLOYMENT_TARGET = 17.0;
				MARKETING_VERSION = 1.0;
				PRODUCT_BUNDLE_IDENTIFIER = "su.swiftui-denemeTests";
				PRODUCT_NAME = "$(TARGET_NAME)";
				SWIFT_EMIT_LOC_STRINGS = NO;
				SWIFT_VERSION = 5.0;
				TARGETED_DEVICE_FAMILY = "1,2";
				TEST_HOST = "$(BUILT_PRODUCTS_DIR)/swiftui_deneme.app/$(BUNDLE_EXECUTABLE_FOLDER_PATH)/swiftui_deneme";
			};
			name = Debug;
		};
		ABB5640A2AF0470600CC6BEA /* Release */ = {
			isa = XCBuildConfiguration;
			buildSettings = {
				ALWAYS_EMBED_SWIFT_STANDARD_LIBRARIES = YES;
				BUNDLE_LOADER = "$(TEST_HOST)";
				CODE_SIGN_STYLE = Automatic;
				CURRENT_PROJECT_VERSION = 1;
				GENERATE_INFOPLIST_FILE = YES;
				IPHONEOS_DEPLOYMENT_TARGET = 17.0;
				MARKETING_VERSION = 1.0;
				PRODUCT_BUNDLE_IDENTIFIER = "su.swiftui-denemeTests";
				PRODUCT_NAME = "$(TARGET_NAME)";
				SWIFT_EMIT_LOC_STRINGS = NO;
				SWIFT_VERSION = 5.0;
				TARGETED_DEVICE_FAMILY = "1,2";
				TEST_HOST = "$(BUILT_PRODUCTS_DIR)/swiftui_deneme.app/$(BUNDLE_EXECUTABLE_FOLDER_PATH)/swiftui_deneme";
			};
			name = Release;
		};
		ABB5640C2AF0470600CC6BEA /* Debug */ = {
			isa = XCBuildConfiguration;
			buildSettings = {
				ALWAYS_EMBED_SWIFT_STANDARD_LIBRARIES = YES;
				CODE_SIGN_STYLE = Automatic;
				CURRENT_PROJECT_VERSION = 1;
				GENERATE_INFOPLIST_FILE = YES;
				MARKETING_VERSION = 1.0;
				PRODUCT_BUNDLE_IDENTIFIER = "su.swiftui-denemeUITests";
				PRODUCT_NAME = "$(TARGET_NAME)";
				SWIFT_EMIT_LOC_STRINGS = NO;
				SWIFT_VERSION = 5.0;
				TARGETED_DEVICE_FAMILY = "1,2";
				TEST_TARGET_NAME = swiftui_deneme;
			};
			name = Debug;
		};
		ABB5640D2AF0470600CC6BEA /* Release */ = {
			isa = XCBuildConfiguration;
			buildSettings = {
				ALWAYS_EMBED_SWIFT_STANDARD_LIBRARIES = YES;
				CODE_SIGN_STYLE = Automatic;
				CURRENT_PROJECT_VERSION = 1;
				GENERATE_INFOPLIST_FILE = YES;
				MARKETING_VERSION = 1.0;
				PRODUCT_BUNDLE_IDENTIFIER = "su.swiftui-denemeUITests";
				PRODUCT_NAME = "$(TARGET_NAME)";
				SWIFT_EMIT_LOC_STRINGS = NO;
				SWIFT_VERSION = 5.0;
				TARGETED_DEVICE_FAMILY = "1,2";
				TEST_TARGET_NAME = swiftui_deneme;
			};
			name = Release;
		};
/* End XCBuildConfiguration section */

/* Begin XCConfigurationList section */
		ABB563DC2AF0470300CC6BEA /* Build configuration list for PBXProject "swiftui_deneme" */ = {
			isa = XCConfigurationList;
			buildConfigurations = (
				ABB564032AF0470600CC6BEA /* Debug */,
				ABB564042AF0470600CC6BEA /* Release */,
			);
			defaultConfigurationIsVisible = 0;
			defaultConfigurationName = Release;
		};
		ABB564052AF0470600CC6BEA /* Build configuration list for PBXNativeTarget "swiftui_deneme" */ = {
			isa = XCConfigurationList;
			buildConfigurations = (
				ABB564062AF0470600CC6BEA /* Debug */,
				ABB564072AF0470600CC6BEA /* Release */,
			);
			defaultConfigurationIsVisible = 0;
			defaultConfigurationName = Release;
		};
		ABB564082AF0470600CC6BEA /* Build configuration list for PBXNativeTarget "swiftui_denemeTests" */ = {
			isa = XCConfigurationList;
			buildConfigurations = (
				ABB564092AF0470600CC6BEA /* Debug */,
				ABB5640A2AF0470600CC6BEA /* Release */,
			);
			defaultConfigurationIsVisible = 0;
			defaultConfigurationName = Release;
		};
		ABB5640B2AF0470600CC6BEA /* Build configuration list for PBXNativeTarget "swiftui_denemeUITests" */ = {
			isa = XCConfigurationList;
			buildConfigurations = (
				ABB5640C2AF0470600CC6BEA /* Debug */,
				ABB5640D2AF0470600CC6BEA /* Release */,
			);
			defaultConfigurationIsVisible = 0;
			defaultConfigurationName = Release;
		};
/* End XCConfigurationList section */
	};
	rootObject = ABB563D92AF0470300CC6BEA /* Project object */;
}
